# THIS IS AN AUTOGENERATED FILE. DO NOT EDIT THIS FILE DIRECTLY.
# yarn lockfile v1


"@babel/helper-validator-identifier@^7.14.9":
  version "7.15.7"
  resolved "https://registry.nlark.com/@babel/helper-validator-identifier/download/@babel/helper-validator-identifier-7.15.7.tgz#220df993bfe904a4a6b02ab4f3385a5ebf6e2389"
  integrity sha1-Ig35k7/pBKSmsCq08zhaXr9uI4k=

"@babel/parser@^7.15.0":
  version "7.16.4"
  resolved "https://registry.npmmirror.com/@babel/parser/download/@babel/parser-7.16.4.tgz?cache=0&sync_timestamp=1637105418396&other_urls=https%3A%2F%2Fregistry.npmmirror.com%2F%40babel%2Fparser%2Fdownload%2F%40babel%2Fparser-7.16.4.tgz#d5f92f57cf2c74ffe9b37981c0e72fee7311372e"
  integrity sha512-6V0qdPUaiVHH3RtZeLIsc+6pDhbYzHR8ogA8w+f+Wc77DuXto19g2QUwveINoS34Uw+W8/hQDGJCx+i4n7xcng==

"@babel/parser@^7.6.0", "@babel/parser@^7.9.6":
  version "7.15.3"
  resolved "https://registry.nlark.com/@babel/parser/download/@babel/parser-7.15.3.tgz?cache=0&other_urls=https%3A%2F%2Fregistry.nlark.com%2F%40babel%2Fparser%2Fdownload%2F%40babel%2Fparser-7.15.3.tgz#3416d9bea748052cfcb63dbcc27368105b1ed862"
  integrity sha1-NBbZvqdIBSz8tj28wnNoEFse2GI=

"@babel/types@^7.15.0":
  version "7.15.6"
  resolved "https://registry.nlark.com/@babel/types/download/@babel/types-7.15.6.tgz#99abdc48218b2881c058dd0a7ab05b99c9be758f"
  integrity sha1-mavcSCGLKIHAWN0KerBbmcm+dY8=
  dependencies:
    "@babel/helper-validator-identifier" "^7.14.9"
    to-fast-properties "^2.0.0"

"@babel/types@^7.6.1", "@babel/types@^7.9.6":
  version "7.15.0"
  resolved "https://registry.nlark.com/@babel/types/download/@babel/types-7.15.0.tgz#61af11f2286c4e9c69ca8deb5f4375a73c72dcbd"
  integrity sha1-Ya8R8ihsTpxpyo3rX0N1pzxy3L0=
  dependencies:
    "@babel/helper-validator-identifier" "^7.14.9"
    to-fast-properties "^2.0.0"

"@emmetio/abbreviation@^2.2.2":
  version "2.2.2"
  resolved "https://registry.nlark.com/@emmetio/abbreviation/download/@emmetio/abbreviation-2.2.2.tgz#746762fd9e7a8c2ea604f580c62e3cfe250e6989"
  integrity sha1-dGdi/Z56jC6mBPWAxi48/iUOaYk=
  dependencies:
    "@emmetio/scanner" "^1.0.0"

"@emmetio/css-abbreviation@^2.1.4":
  version "2.1.4"
  resolved "https://registry.nlark.com/@emmetio/css-abbreviation/download/@emmetio/css-abbreviation-2.1.4.tgz#90362e8a1122ce3b76f6c3157907d30182f53f54"
  integrity sha1-kDYuihEizjt29sMVeQfTAYL1P1Q=
  dependencies:
    "@emmetio/scanner" "^1.0.0"

"@emmetio/scanner@^1.0.0":
  version "1.0.0"
  resolved "https://registry.npm.taobao.org/@emmetio/scanner/download/@emmetio/scanner-1.0.0.tgz#065b2af6233fe7474d44823e3deb89724af42b5f"
  integrity sha1-Blsq9iM/50dNRII+PeuJckr0K18=

"@types/node@^16.9.1":
  version "16.11.10"
  resolved "https://registry.npmmirror.com/@types/node/download/@types/node-16.11.10.tgz#2e3ad0a680d96367103d3e670d41c2fed3da61ae"
  integrity sha512-3aRnHa1KlOEEhJ6+CvyHKK5vE9BcLGjtUpwvqYLRvYNQKMfabu3BwfJaA/SLW8dxe28LsNDjtHwePTuzn3gmOA==

"@types/three@^0.131.0":
  version "0.131.1"
  resolved "https://registry.nlark.com/@types/three/download/@types/three-0.131.1.tgz#2ee511383c8620f6ce301582214122319e6aca34"
  integrity sha1-LuURODyGIPbOMBWCIUEiMZ5qyjQ=

"@vitejs/plugin-vue@^1.6.0":
  version "1.10.0"
  resolved "https://registry.npmmirror.com/@vitejs/plugin-vue/download/@vitejs/plugin-vue-1.10.0.tgz#d015c12d905bb7f76274c2bb272c3662151bf3c0"
  integrity sha1-0BXBLZBbt/didMK7Jyw2YhUb88A=

"@volar/code-gen@^0.27.11":
  version "0.27.11"
  resolved "https://registry.nlark.com/@volar/code-gen/download/@volar/code-gen-0.27.11.tgz#7423b89b1e04c3009e200a092c09ddb0bfa2a7f9"
  integrity sha1-dCO4mx4EwwCeIAoJLAndsL+ip/k=
  dependencies:
    "@volar/shared" "^0.27.11"
    "@volar/source-map" "^0.27.11"

"@volar/html2pug@^0.27.11":
  version "0.27.11"
  resolved "https://registry.nlark.com/@volar/html2pug/download/@volar/html2pug-0.27.11.tgz#0d399f409b34d49cd248e242e7a4917fe822da19"
  integrity sha1-DTmfQJs01JzSSOJC56SRf+gi2hk=
  dependencies:
    domelementtype "^2.2.0"
    domhandler "^4.2.0"
    htmlparser2 "^6.1.0"
    pug "^3.0.2"

"@volar/shared@^0.27.11":
  version "0.27.11"
  resolved "https://registry.nlark.com/@volar/shared/download/@volar/shared-0.27.11.tgz#88164d36a905cee613132c4ee175df91cb135a4a"
  integrity sha1-iBZNNqkFzuYTEyxO4XXfkcsTWko=
  dependencies:
    upath "^2.0.1"
    vscode-jsonrpc "^8.0.0-next.2"
    vscode-uri "^3.0.2"

"@volar/source-map@^0.27.11":
  version "0.27.11"
  resolved "https://registry.nlark.com/@volar/source-map/download/@volar/source-map-0.27.11.tgz#09208b330b3998a24f58aa5e052ebb3f42656b48"
  integrity sha1-CSCLMws5mKJPWKpeBS67P0Jla0g=
  dependencies:
    "@volar/shared" "^0.27.11"

"@volar/transforms@^0.27.11":
  version "0.27.11"
  resolved "https://registry.nlark.com/@volar/transforms/download/@volar/transforms-0.27.11.tgz#772035011320b3682ad90fb674e1fd880bdb48cc"
  integrity sha1-dyA1ARMgs2gq2Q+2dOH9iAvbSMw=
  dependencies:
    "@volar/shared" "^0.27.11"
    vscode-languageserver "^8.0.0-next.2"

"@vscode/emmet-helper@^2.7.0":
  version "2.7.0"
  resolved "https://registry.nlark.com/@vscode/emmet-helper/download/@vscode/emmet-helper-2.7.0.tgz#3db485f6a650196ff8bbd38ba1b9e468ec8d22f8"
  integrity sha1-PbSF9qZQGW/4u9OLobnkaOyNIvg=
  dependencies:
    emmet "^2.3.0"
    jsonc-parser "^2.3.0"
    vscode-languageserver-textdocument "^1.0.1"
    vscode-languageserver-types "^3.15.1"
    vscode-nls "^5.0.0"
    vscode-uri "^2.1.2"

"@vue/compiler-core@3.2.22":
  version "3.2.22"
  resolved "https://registry.npmmirror.com/@vue/compiler-core/download/@vue/compiler-core-3.2.22.tgz#5e3d3b983cc7f430ddbc6a8773c872dcf410dc89"
  integrity sha512-uAkovrVeTcjzpiM4ECmVaMrv/bjdgAaLzvjcGqQPBEyUrcqsCgccT9fHJ/+hWVGhyMahmBwLqcn4guULNx7sdw==
  dependencies:
    "@babel/parser" "^7.15.0"
    "@vue/shared" "3.2.22"
    estree-walker "^2.0.2"
    source-map "^0.6.1"

"@vue/compiler-core@3.2.7":
  version "3.2.7"
  resolved "https://registry.nlark.com/@vue/compiler-core/download/@vue/compiler-core-3.2.7.tgz#a7f1f87d4fae8c78d95a3d3df81bde663427deb8"
  integrity sha1-p/H4fU+ujHjZWj09+BveZjQn3rg=
  dependencies:
    "@babel/parser" "^7.15.0"
    "@babel/types" "^7.15.0"
    "@vue/shared" "3.2.7"
    estree-walker "^2.0.2"
    source-map "^0.6.1"

"@vue/compiler-dom@3.2.22":
  version "3.2.22"
  resolved "https://registry.npmmirror.com/@vue/compiler-dom/download/@vue/compiler-dom-3.2.22.tgz?cache=0&sync_timestamp=1636948562123&other_urls=https%3A%2F%2Fregistry.npmmirror.com%2F%40vue%2Fcompiler-dom%2Fdownload%2F%40vue%2Fcompiler-dom-3.2.22.tgz#221cc358a6c0651c04e1dd22a8470b21e56ee1a5"
  integrity sha512-VZdsw/VuO1ODs8K7NQwnMQzKITDkIFlYYC03SVnunuf6eNRxBPEonSyqbWNoo6qNaHAEBTG6VVcZC5xC9bAx1g==
  dependencies:
    "@vue/compiler-core" "3.2.22"
    "@vue/shared" "3.2.22"

"@vue/compiler-dom@^3.2.6":
  version "3.2.7"
  resolved "https://registry.nlark.com/@vue/compiler-dom/download/@vue/compiler-dom-3.2.7.tgz#33abaeef89ec653e1a733143d4f7b6392def3de8"
  integrity sha1-M6uu74nsZT4aczFD1Pe2OS3vPeg=
  dependencies:
    "@vue/compiler-core" "3.2.7"
    "@vue/shared" "3.2.7"

"@vue/compiler-sfc@3.2.22", "@vue/compiler-sfc@^3.0.5":
  version "3.2.22"
  resolved "https://registry.npmmirror.com/@vue/compiler-sfc/download/@vue/compiler-sfc-3.2.22.tgz?cache=0&sync_timestamp=1636948564234&other_urls=https%3A%2F%2Fregistry.npmmirror.com%2F%40vue%2Fcompiler-sfc%2Fdownload%2F%40vue%2Fcompiler-sfc-3.2.22.tgz#ffd0e5e35479b6ade18d12fefec369cbaf2f7718"
  integrity sha512-tWRQ5ge1tsTDhUwHgueicKJ8rYm6WUVAPTaIpFW3GSwZKcOEJ2rXdfkHFShNVGupeRALz2ET2H84OL0GeRxY0A==
  dependencies:
    "@babel/parser" "^7.15.0"
    "@vue/compiler-core" "3.2.22"
    "@vue/compiler-dom" "3.2.22"
    "@vue/compiler-ssr" "3.2.22"
    "@vue/ref-transform" "3.2.22"
    "@vue/shared" "3.2.22"
    estree-walker "^2.0.2"
    magic-string "^0.25.7"
    postcss "^8.1.10"
    source-map "^0.6.1"

"@vue/compiler-ssr@3.2.22":
  version "3.2.22"
  resolved "https://registry.npmmirror.com/@vue/compiler-ssr/download/@vue/compiler-ssr-3.2.22.tgz?cache=0&sync_timestamp=1636948564014&other_urls=https%3A%2F%2Fregistry.npmmirror.com%2F%40vue%2Fcompiler-ssr%2Fdownload%2F%40vue%2Fcompiler-ssr-3.2.22.tgz#23552c31b76b45baf5f244713c81d77ab59447d2"
  integrity sha512-Cl6aoLJtXzzBkk1sKod8S0WBJLts3+ugVC91d22gGpbkw/64WnF12tOZi7Rg54PPLi1NovqyNWPsLH/SAFcu+w==
  dependencies:
    "@vue/compiler-dom" "3.2.22"
    "@vue/shared" "3.2.22"

"@vue/devtools-api@^6.0.0-beta.18":
  version "6.0.0-beta.19"
  resolved "https://registry.npmmirror.com/@vue/devtools-api/download/@vue/devtools-api-6.0.0-beta.19.tgz#f8e88059daa424515992426a0c7ea5cde07e99bf"
  integrity sha1-+OiAWdqkJFFZkkJqDH6lzeB+mb8=

"@vue/reactivity@3.2.22":
  version "3.2.22"
  resolved "https://registry.npmmirror.com/@vue/reactivity/download/@vue/reactivity-3.2.22.tgz?cache=0&sync_timestamp=1636948562780&other_urls=https%3A%2F%2Fregistry.npmmirror.com%2F%40vue%2Freactivity%2Fdownload%2F%40vue%2Freactivity-3.2.22.tgz#88655c0b4febc561136e6550e329039f860caa0a"
  integrity sha512-xNkLAItjI0xB+lFeDgKCrSItmrHTaAzSnt8LmdSCPQnDyarmzbi/u4ESQnckWvlL7lSRKiEaOvblaNyqAa7OnQ==
  dependencies:
    "@vue/shared" "3.2.22"

"@vue/reactivity@^3.2.6":
  version "3.2.7"
  resolved "https://registry.nlark.com/@vue/reactivity/download/@vue/reactivity-3.2.7.tgz?cache=0&sync_timestamp=1630533989749&other_urls=https%3A%2F%2Fregistry.nlark.com%2F%40vue%2Freactivity%2Fdownload%2F%40vue%2Freactivity-3.2.7.tgz#dfdf49a3984e3b503c8d751a392b8afbab21fd32"
  integrity sha1-399Jo5hOO1A8jXUaOSuK+6sh/TI=
  dependencies:
    "@vue/shared" "3.2.7"

"@vue/ref-transform@3.2.22":
  version "3.2.22"
  resolved "https://registry.npmmirror.com/@vue/ref-transform/download/@vue/ref-transform-3.2.22.tgz?cache=0&sync_timestamp=1636948562987&other_urls=https%3A%2F%2Fregistry.npmmirror.com%2F%40vue%2Fref-transform%2Fdownload%2F%40vue%2Fref-transform-3.2.22.tgz#16b03994eac71528cceff4cf76178ed9b44ac90a"
  integrity sha512-qalVWbq5xWWxLZ0L9OroBg/JZhzavQuCcDXblfErxyDEH6Xc5gIJ4feo1SVCICFzhAUgLgQTdSFLpgjBawbFpw==
  dependencies:
    "@babel/parser" "^7.15.0"
    "@vue/compiler-core" "3.2.22"
    "@vue/shared" "3.2.22"
    estree-walker "^2.0.2"
    magic-string "^0.25.7"

"@vue/runtime-core@3.2.22":
  version "3.2.22"
  resolved "https://registry.npmmirror.com/@vue/runtime-core/download/@vue/runtime-core-3.2.22.tgz?cache=0&sync_timestamp=1636948564390&other_urls=https%3A%2F%2Fregistry.npmmirror.com%2F%40vue%2Fruntime-core%2Fdownload%2F%40vue%2Fruntime-core-3.2.22.tgz#111f1bc97f20249e05ca2189856d99c82d72de32"
  integrity sha512-e7WOC55wmHPvmoVUk9VBe/Z9k5bJfWJfVIlkUkiADJn0bOgQD29oh/GS14Kb3aEJXIHLI17Em6+HxNut1sIh7Q==
  dependencies:
    "@vue/reactivity" "3.2.22"
    "@vue/shared" "3.2.22"

"@vue/runtime-dom@3.2.22":
  version "3.2.22"
  resolved "https://registry.npmmirror.com/@vue/runtime-dom/download/@vue/runtime-dom-3.2.22.tgz?cache=0&sync_timestamp=1636948566297&other_urls=https%3A%2F%2Fregistry.npmmirror.com%2F%40vue%2Fruntime-dom%2Fdownload%2F%40vue%2Fruntime-dom-3.2.22.tgz#c11d75dd51375ee4c74e339f6523ca05e37faa37"
  integrity sha512-w7VHYJoliLRTLc5beN77wxuOjla4v9wr2FF22xpZFYBmH4U1V7HkYhoHc1BTuNghI15CXT1tNIMhibI1nrQgdw==
  dependencies:
    "@vue/runtime-core" "3.2.22"
    "@vue/shared" "3.2.22"
    csstype "^2.6.8"

"@vue/server-renderer@3.2.22":
  version "3.2.22"
  resolved "https://registry.npmmirror.com/@vue/server-renderer/download/@vue/server-renderer-3.2.22.tgz?cache=0&sync_timestamp=1636948563725&other_urls=https%3A%2F%2Fregistry.npmmirror.com%2F%40vue%2Fserver-renderer%2Fdownload%2F%40vue%2Fserver-renderer-3.2.22.tgz#049c91a495cb0fcdac02dec485c31cb99410885f"
  integrity sha512-jCwbQgKPXiXoH9VS9F7K+gyEvEMrjutannwEZD1R8fQ9szmOTqC+RRbIY3Uf2ibQjZtZ8DV9a4FjxICvd9zZlQ==
  dependencies:
    "@vue/compiler-ssr" "3.2.22"
    "@vue/shared" "3.2.22"

"@vue/shared@3.2.22":
  version "3.2.22"
  resolved "https://registry.npmmirror.com/@vue/shared/download/@vue/shared-3.2.22.tgz?cache=0&sync_timestamp=1636948564933&other_urls=https%3A%2F%2Fregistry.npmmirror.com%2F%40vue%2Fshared%2Fdownload%2F%40vue%2Fshared-3.2.22.tgz#26dcbe5e530f6c1f2de5ca9aeab92ab00f523b41"
  integrity sha512-qWVav014mpjEtbWbEgl0q9pEyrrIySKum8UVYjwhC6njrKzknLZPvfuYdQyVbApsqr94tf/3dP4pCuZmmjdCWQ==

"@vue/shared@3.2.7", "@vue/shared@^3.2.6":
  version "3.2.7"
  resolved "https://registry.nlark.com/@vue/shared/download/@vue/shared-3.2.7.tgz#c792bf92d19025e7940358536d468218a11eeedb"
  integrity sha1-x5K/ktGQJeeUA1hTbUaCGKEe7ts=

acorn@^7.1.1:
  version "7.4.1"
  resolved "https://registry.nlark.com/acorn/download/acorn-7.4.1.tgz#feaed255973d2e77555b83dbc08851a6c63520fa"
  integrity sha1-/q7SVZc9LndVW4PbwIhRpsY1IPo=

anymatch@~3.1.2:
  version "3.1.2"
  resolved "https://registry.npmmirror.com/anymatch/download/anymatch-3.1.2.tgz#c0557c096af32f106198f4f4e2a383537e378716"
  integrity sha1-wFV8CWrzLxBhmPT04qODU343hxY=
  dependencies:
    normalize-path "^3.0.0"
    picomatch "^2.0.4"

asap@~2.0.3:
  version "2.0.6"
  resolved "https://registry.nlark.com/asap/download/asap-2.0.6.tgz#e50347611d7e690943208bbdafebcbc2fb866d46"
  integrity sha1-5QNHYR1+aQlDIIu9r+vLwvuGbUY=

assert-never@^1.2.1:
  version "1.2.1"
  resolved "https://registry.npm.taobao.org/assert-never/download/assert-never-1.2.1.tgz#11f0e363bf146205fb08193b5c7b90f4d1cf44fe"
  integrity sha1-EfDjY78UYgX7CBk7XHuQ9NHPRP4=

babel-walk@3.0.0-canary-5:
  version "3.0.0-canary-5"
  resolved "https://registry.nlark.com/babel-walk/download/babel-walk-3.0.0-canary-5.tgz#f66ecd7298357aee44955f235a6ef54219104b11"
  integrity sha1-9m7Ncpg1eu5ElV8jWm71QhkQSxE=
  dependencies:
    "@babel/types" "^7.9.6"

binary-extensions@^2.0.0:
  version "2.2.0"
  resolved "https://registry.npmmirror.com/binary-extensions/download/binary-extensions-2.2.0.tgz#75f502eeaf9ffde42fc98829645be4ea76bd9e2d"
  integrity sha1-dfUC7q+f/eQvyYgpZFvk6na9ni0=

braces@~3.0.2:
  version "3.0.2"
  resolved "https://registry.npmmirror.com/braces/download/braces-3.0.2.tgz#3454e1a462ee8d599e236df336cd9ea4f8afe107"
  integrity sha1-NFThpGLujVmeI23zNs2epPiv4Qc=
  dependencies:
    fill-range "^7.0.1"

call-bind@^1.0.2:
  version "1.0.2"
  resolved "https://registry.nlark.com/call-bind/download/call-bind-1.0.2.tgz#b1d4e89e688119c3c9a903ad30abb2f6a919be3c"
  integrity sha1-sdTonmiBGcPJqQOtMKuy9qkZvjw=
  dependencies:
    function-bind "^1.1.1"
    get-intrinsic "^1.0.2"

character-parser@^2.2.0:
  version "2.2.0"
  resolved "https://registry.nlark.com/character-parser/download/character-parser-2.2.0.tgz#c7ce28f36d4bcd9744e5ffc2c5fcde1c73261fc0"
  integrity sha1-x84o821LzZdE5f/CxfzeHHMmH8A=
  dependencies:
    is-regex "^1.0.3"

"chokidar@>=3.0.0 <4.0.0":
  version "3.5.2"
  resolved "https://registry.npmmirror.com/chokidar/download/chokidar-3.5.2.tgz#dba3976fcadb016f66fd365021d91600d01c1e75"
  integrity sha1-26OXb8rbAW9m/TZQIdkWANAcHnU=
  dependencies:
    anymatch "~3.1.2"
    braces "~3.0.2"
    glob-parent "~5.1.2"
    is-binary-path "~2.1.0"
    is-glob "~4.0.1"
    normalize-path "~3.0.0"
    readdirp "~3.6.0"
  optionalDependencies:
    fsevents "~2.3.2"

constantinople@^4.0.1:
  version "4.0.1"
  resolved "https://registry.npm.taobao.org/constantinople/download/constantinople-4.0.1.tgz#0def113fa0e4dc8de83331a5cf79c8b325213151"
  integrity sha1-De8RP6Dk3I3oMzGlz3nIsyUhMVE=
  dependencies:
    "@babel/parser" "^7.6.0"
    "@babel/types" "^7.6.1"

csstype@^2.6.8:
  version "2.6.19"
  resolved "https://registry.npmmirror.com/csstype/download/csstype-2.6.19.tgz?cache=0&sync_timestamp=1637224446963&other_urls=https%3A%2F%2Fregistry.npmmirror.com%2Fcsstype%2Fdownload%2Fcsstype-2.6.19.tgz#feeb5aae89020bb389e1f63669a5ed490e391caa"
  integrity sha512-ZVxXaNy28/k3kJg0Fou5MiYpp88j7H9hLZp8PDC3jV0WFjfH5E9xHb56L0W59cPbKbcHXeP4qyT8PrHp8t6LcQ==

dayjs@^1.10.6:
  version "1.10.7"
  resolved "https://registry.nlark.com/dayjs/download/dayjs-1.10.7.tgz#2cf5f91add28116748440866a0a1d26f3a6ce468"
  integrity sha1-LPX5Gt0oEWdIRAhmoKHSbzps5Gg=

doctypes@^1.1.0:
  version "1.1.0"
  resolved "https://registry.nlark.com/doctypes/download/doctypes-1.1.0.tgz#ea80b106a87538774e8a3a4a5afe293de489e0a9"
  integrity sha1-6oCxBqh1OHdOijpKWv4pPeSJ4Kk=

dom-serializer@^1.0.1:
  version "1.3.2"
  resolved "https://registry.nlark.com/dom-serializer/download/dom-serializer-1.3.2.tgz#6206437d32ceefaec7161803230c7a20bc1b4d91"
  integrity sha1-YgZDfTLO767HFhgDIwx6ILwbTZE=
  dependencies:
    domelementtype "^2.0.1"
    domhandler "^4.2.0"
    entities "^2.0.0"

domelementtype@^2.0.1, domelementtype@^2.2.0:
  version "2.2.0"
  resolved "https://registry.nlark.com/domelementtype/download/domelementtype-2.2.0.tgz#9a0b6c2782ed6a1c7323d42267183df9bd8b1d57"
  integrity sha1-mgtsJ4LtahxzI9QiZxg9+b2LHVc=

domhandler@^4.0.0, domhandler@^4.2.0:
  version "4.2.2"
  resolved "https://registry.nlark.com/domhandler/download/domhandler-4.2.2.tgz?cache=0&sync_timestamp=1630246778110&other_urls=https%3A%2F%2Fregistry.nlark.com%2Fdomhandler%2Fdownload%2Fdomhandler-4.2.2.tgz#e825d721d19a86b8c201a35264e226c678ee755f"
  integrity sha1-6CXXIdGahrjCAaNSZOImxnjudV8=
  dependencies:
    domelementtype "^2.2.0"

domutils@^2.5.2:
  version "2.8.0"
  resolved "https://registry.nlark.com/domutils/download/domutils-2.8.0.tgz?cache=0&sync_timestamp=1630106535879&other_urls=https%3A%2F%2Fregistry.nlark.com%2Fdomutils%2Fdownload%2Fdomutils-2.8.0.tgz#4437def5db6e2d1f5d6ee859bd95ca7d02048135"
  integrity sha1-RDfe9dtuLR9dbuhZvZXKfQIEgTU=
  dependencies:
    dom-serializer "^1.0.1"
    domelementtype "^2.2.0"
    domhandler "^4.2.0"

emmet@^2.3.0:
  version "2.3.4"
  resolved "https://registry.npm.taobao.org/emmet/download/emmet-2.3.4.tgz#5ba0d7a5569a68c7697dfa890c772e4f3179d123"
  integrity sha1-W6DXpVaaaMdpffqJDHcuTzF50SM=
  dependencies:
    "@emmetio/abbreviation" "^2.2.2"
    "@emmetio/css-abbreviation" "^2.1.4"

entities@^2.0.0:
  version "2.2.0"
  resolved "https://registry.nlark.com/entities/download/entities-2.2.0.tgz?cache=0&sync_timestamp=1628508126700&other_urls=https%3A%2F%2Fregistry.nlark.com%2Fentities%2Fdownload%2Fentities-2.2.0.tgz#098dc90ebb83d8dffa089d55256b351d34c4da55"
  integrity sha1-CY3JDruD2N/6CJ1VJWs1HTTE2lU=

esbuild-android-arm64@0.13.13:
  version "0.13.13"
  resolved "https://registry.npmmirror.com/esbuild-android-arm64/download/esbuild-android-arm64-0.13.13.tgz#da07b5fb2daf7d83dcd725f7cf58a6758e6e702a"
  integrity sha512-T02aneWWguJrF082jZworjU6vm8f4UQ+IH2K3HREtlqoY9voiJUwHLRL6khRlsNLzVglqgqb7a3HfGx7hAADCQ==

esbuild-darwin-64@0.13.13:
  version "0.13.13"
  resolved "https://registry.npmmirror.com/esbuild-darwin-64/download/esbuild-darwin-64-0.13.13.tgz#e94e9fd3b4b5455a2e675cd084a19a71b6904bbf"
  integrity sha512-wkaiGAsN/09X9kDlkxFfbbIgR78SNjMOfUhoel3CqKBDsi9uZhw7HBNHNxTzYUK8X8LAKFpbODgcRB3b/I8gHA==

esbuild-darwin-arm64@0.13.13:
  version "0.13.13"
  resolved "https://registry.npmmirror.com/esbuild-darwin-arm64/download/esbuild-darwin-arm64-0.13.13.tgz#8c320eafbb3ba2c70d8062128c5b71503e342471"
  integrity sha512-b02/nNKGSV85Gw9pUCI5B48AYjk0vFggDeom0S6QMP/cEDtjSh1WVfoIFNAaLA0MHWfue8KBwoGVsN7rBshs4g==

esbuild-freebsd-64@0.13.13:
  version "0.13.13"
  resolved "https://registry.npmmirror.com/esbuild-freebsd-64/download/esbuild-freebsd-64-0.13.13.tgz?cache=0&sync_timestamp=1636440648511&other_urls=https%3A%2F%2Fregistry.npmmirror.com%2Fesbuild-freebsd-64%2Fdownload%2Fesbuild-freebsd-64-0.13.13.tgz#ce0ca5b8c4c274cfebc9326f9b316834bd9dd151"
  integrity sha512-ALgXYNYDzk9YPVk80A+G4vz2D22Gv4j4y25exDBGgqTcwrVQP8rf/rjwUjHoh9apP76oLbUZTmUmvCMuTI1V9A==

esbuild-freebsd-arm64@0.13.13:
  version "0.13.13"
  resolved "https://registry.npmmirror.com/esbuild-freebsd-arm64/download/esbuild-freebsd-arm64-0.13.13.tgz#463da17562fdcfdf03b3b94b28497d8d8dcc8f62"
  integrity sha512-uFvkCpsZ1yqWQuonw5T1WZ4j59xP/PCvtu6I4pbLejhNo4nwjW6YalqnBvBSORq5/Ifo9S/wsIlVHzkzEwdtlw==

esbuild-linux-32@0.13.13:
  version "0.13.13"
  resolved "https://registry.npmmirror.com/esbuild-linux-32/download/esbuild-linux-32-0.13.13.tgz#2035793160da2c4be48a929e5bafb14a31789acc"
  integrity sha512-yxR9BBwEPs9acVEwTrEE2JJNHYVuPQC9YGjRfbNqtyfK/vVBQYuw8JaeRFAvFs3pVJdQD0C2BNP4q9d62SCP4w==

esbuild-linux-64@0.13.13:
  version "0.13.13"
  resolved "https://registry.npmmirror.com/esbuild-linux-64/download/esbuild-linux-64-0.13.13.tgz#fbe4802a8168c6d339d0749f977b099449b56f22"
  integrity sha512-kzhjlrlJ+6ESRB/n12WTGll94+y+HFeyoWsOrLo/Si0s0f+Vip4b8vlnG0GSiS6JTsWYAtGHReGczFOaETlKIw==

esbuild-linux-arm64@0.13.13:
  version "0.13.13"
  resolved "https://registry.npmmirror.com/esbuild-linux-arm64/download/esbuild-linux-arm64-0.13.13.tgz?cache=0&sync_timestamp=1636440090996&other_urls=https%3A%2F%2Fregistry.npmmirror.com%2Fesbuild-linux-arm64%2Fdownload%2Fesbuild-linux-arm64-0.13.13.tgz#f08d98df28d436ed4aad1529615822bb74d4d978"
  integrity sha512-KMrEfnVbmmJxT3vfTnPv/AiXpBFbbyExH13BsUGy1HZRPFMi5Gev5gk8kJIZCQSRfNR17aqq8sO5Crm2KpZkng==

esbuild-linux-arm@0.13.13:
  version "0.13.13"
  resolved "https://registry.npmmirror.com/esbuild-linux-arm/download/esbuild-linux-arm-0.13.13.tgz#6f968c3a98b64e30c80b212384192d0cfcb32e7f"
  integrity sha512-hXub4pcEds+U1TfvLp1maJ+GHRw7oizvzbGRdUvVDwtITtjq8qpHV5Q5hWNNn6Q+b3b2UxF03JcgnpzCw96nUQ==

esbuild-linux-mips64le@0.13.13:
  version "0.13.13"
  resolved "https://registry.npmmirror.com/esbuild-linux-mips64le/download/esbuild-linux-mips64le-0.13.13.tgz#690c78dc4725efe7d06a1431287966fbf7774c7f"
  integrity sha512-cJT9O1LYljqnnqlHaS0hdG73t7hHzF3zcN0BPsjvBq+5Ad47VJun+/IG4inPhk8ta0aEDK6LdP+F9299xa483w==

esbuild-linux-ppc64le@0.13.13:
  version "0.13.13"
  resolved "https://registry.npmmirror.com/esbuild-linux-ppc64le/download/esbuild-linux-ppc64le-0.13.13.tgz#7ec9048502de46754567e734aae7aebd2df6df02"
  integrity sha512-+rghW8st6/7O6QJqAjVK3eXzKkZqYAw6LgHv7yTMiJ6ASnNvghSeOcIvXFep3W2oaJc35SgSPf21Ugh0o777qQ==

esbuild-netbsd-64@0.13.13:
  version "0.13.13"
  resolved "https://registry.npmmirror.com/esbuild-netbsd-64/download/esbuild-netbsd-64-0.13.13.tgz#439bdaefffa03a8fa84324f5d83d636f548a2de3"
  integrity sha512-A/B7rwmzPdzF8c3mht5TukbnNwY5qMJqes09ou0RSzA5/jm7Jwl/8z853ofujTFOLhkNHUf002EAgokzSgEMpQ==

esbuild-openbsd-64@0.13.13:
  version "0.13.13"
  resolved "https://registry.npmmirror.com/esbuild-openbsd-64/download/esbuild-openbsd-64-0.13.13.tgz#c9958e5291a00a3090c1ec482d6bcdf2d5b5d107"
  integrity sha512-szwtuRA4rXKT3BbwoGpsff6G7nGxdKgUbW9LQo6nm0TVCCjDNDC/LXxT994duIW8Tyq04xZzzZSW7x7ttDiw1w==

esbuild-sunos-64@0.13.13:
  version "0.13.13"
  resolved "https://registry.npmmirror.com/esbuild-sunos-64/download/esbuild-sunos-64-0.13.13.tgz#ac9ead8287379cd2f6d00bd38c5997fda9c1179e"
  integrity sha512-ihyds9O48tVOYF48iaHYUK/boU5zRaLOXFS+OOL3ceD39AyHo46HVmsJLc7A2ez0AxNZCxuhu+P9OxfPfycTYQ==

esbuild-windows-32@0.13.13:
  version "0.13.13"
  resolved "https://registry.npmmirror.com/esbuild-windows-32/download/esbuild-windows-32-0.13.13.tgz#a3820fc86631ca594cb7b348514b5cc3f058cfd6"
  integrity sha512-h2RTYwpG4ldGVJlbmORObmilzL8EECy8BFiF8trWE1ZPHLpECE9//J3Bi+W3eDUuv/TqUbiNpGrq4t/odbayUw==

esbuild-windows-64@0.13.13:
  version "0.13.13"
  resolved "https://registry.npmmirror.com/esbuild-windows-64/download/esbuild-windows-64-0.13.13.tgz#1da748441f228d75dff474ddb7d584b81887323c"
  integrity sha512-oMrgjP4CjONvDHe7IZXHrMk3wX5Lof/IwFEIbwbhgbXGBaN2dke9PkViTiXC3zGJSGpMvATXVplEhlInJ0drHA==

esbuild-windows-arm64@0.13.13:
  version "0.13.13"
  resolved "https://registry.npmmirror.com/esbuild-windows-arm64/download/esbuild-windows-arm64-0.13.13.tgz#06dfa52a6b178a5932a9a6e2fdb240c09e6da30c"
  integrity sha512-6fsDfTuTvltYB5k+QPah/x7LrI2+OLAJLE3bWLDiZI6E8wXMQU+wLqtEO/U/RvJgVY1loPs5eMpUBpVajczh1A==

esbuild@^0.13.2:
  version "0.13.13"
  resolved "https://registry.npmmirror.com/esbuild/download/esbuild-0.13.13.tgz?cache=0&sync_timestamp=1636440030709&other_urls=https%3A%2F%2Fregistry.npmmirror.com%2Fesbuild%2Fdownload%2Fesbuild-0.13.13.tgz#0b5399c20f219f663c8c1048436fb0f59ab17a41"
  integrity sha512-Z17A/R6D0b4s3MousytQ/5i7mTCbaF+Ua/yPfoe71vdTv4KBvVAvQ/6ytMngM2DwGJosl8WxaD75NOQl2QF26Q==
  optionalDependencies:
    esbuild-android-arm64 "0.13.13"
    esbuild-darwin-64 "0.13.13"
    esbuild-darwin-arm64 "0.13.13"
    esbuild-freebsd-64 "0.13.13"
    esbuild-freebsd-arm64 "0.13.13"
    esbuild-linux-32 "0.13.13"
    esbuild-linux-64 "0.13.13"
    esbuild-linux-arm "0.13.13"
    esbuild-linux-arm64 "0.13.13"
    esbuild-linux-mips64le "0.13.13"
    esbuild-linux-ppc64le "0.13.13"
    esbuild-netbsd-64 "0.13.13"
    esbuild-openbsd-64 "0.13.13"
    esbuild-sunos-64 "0.13.13"
    esbuild-windows-32 "0.13.13"
    esbuild-windows-64 "0.13.13"
    esbuild-windows-arm64 "0.13.13"

estree-walker@^2.0.2:
  version "2.0.2"
  resolved "https://registry.npmmirror.com/estree-walker/download/estree-walker-2.0.2.tgz#52f010178c2a4c117a7757cfe942adb7d2da4cac"
  integrity sha1-UvAQF4wqTBF6d1fP6UKtt9LaTKw=

fill-range@^7.0.1:
  version "7.0.1"
  resolved "https://registry.npmmirror.com/fill-range/download/fill-range-7.0.1.tgz#1919a6a7c75fe38b2c7c77e5198535da9acdda40"
  integrity sha1-GRmmp8df44ssfHflGYU12prN2kA=
  dependencies:
    to-regex-range "^5.0.1"

fsevents@~2.3.2:
  version "2.3.2"
  resolved "https://registry.npmmirror.com/fsevents/download/fsevents-2.3.2.tgz#8a526f78b8fdf4623b709e0b975c52c24c02fd1a"
  integrity sha1-ilJveLj99GI7cJ4Ll1xSwkwC/Ro=

function-bind@^1.1.1:
  version "1.1.1"
  resolved "https://registry.npmmirror.com/function-bind/download/function-bind-1.1.1.tgz#a56899d3ea3c9bab874bb9773b7c5ede92f4895d"
  integrity sha1-pWiZ0+o8m6uHS7l3O3xe3pL0iV0=

get-intrinsic@^1.0.2:
  version "1.1.1"
  resolved "https://registry.nlark.com/get-intrinsic/download/get-intrinsic-1.1.1.tgz#15f59f376f855c446963948f0d24cd3637b4abc6"
  integrity sha1-FfWfN2+FXERpY5SPDSTNNje0q8Y=
  dependencies:
    function-bind "^1.1.1"
    has "^1.0.3"
    has-symbols "^1.0.1"

glob-parent@~5.1.2:
  version "5.1.2"
  resolved "https://registry.npmmirror.com/glob-parent/download/glob-parent-5.1.2.tgz?cache=0&sync_timestamp=1632953971963&other_urls=https%3A%2F%2Fregistry.npmmirror.com%2Fglob-parent%2Fdownload%2Fglob-parent-5.1.2.tgz#869832c58034fe68a4093c17dc15e8340d8401c4"
  integrity sha1-hpgyxYA0/mikCTwX3BXoNA2EAcQ=
  dependencies:
    is-glob "^4.0.1"

has-symbols@^1.0.1, has-symbols@^1.0.2:
  version "1.0.2"
  resolved "https://registry.nlark.com/has-symbols/download/has-symbols-1.0.2.tgz#165d3070c00309752a1236a479331e3ac56f1423"
  integrity sha1-Fl0wcMADCXUqEjakeTMeOsVvFCM=

has-tostringtag@^1.0.0:
  version "1.0.0"
  resolved "https://registry.nlark.com/has-tostringtag/download/has-tostringtag-1.0.0.tgz#7e133818a7d394734f941e73c3d3f9291e658b25"
  integrity sha1-fhM4GKfTlHNPlB5zw9P5KR5liyU=
  dependencies:
    has-symbols "^1.0.2"

has@^1.0.3:
  version "1.0.3"
  resolved "https://registry.npmmirror.com/has/download/has-1.0.3.tgz#722d7cbfc1f6aa8241f16dd814e011e1f41e8796"
  integrity sha1-ci18v8H2qoJB8W3YFOAR4fQeh5Y=
  dependencies:
    function-bind "^1.1.1"

htmlparser2@^6.1.0:
  version "6.1.0"
  resolved "https://registry.nlark.com/htmlparser2/download/htmlparser2-6.1.0.tgz?cache=0&sync_timestamp=1630242708769&other_urls=https%3A%2F%2Fregistry.nlark.com%2Fhtmlparser2%2Fdownload%2Fhtmlparser2-6.1.0.tgz#c4d762b6c3371a05dbe65e94ae43a9f845fb8fb7"
  integrity sha1-xNditsM3GgXb5l6UrkOp+EX7j7c=
  dependencies:
    domelementtype "^2.0.1"
    domhandler "^4.0.0"
    domutils "^2.5.2"
    entities "^2.0.0"

is-binary-path@~2.1.0:
  version "2.1.0"
  resolved "https://registry.npmmirror.com/is-binary-path/download/is-binary-path-2.1.0.tgz#ea1f7f3b80f064236e83470f86c09c254fb45b09"
  integrity sha1-6h9/O4DwZCNug0cPhsCcJU+0Wwk=
  dependencies:
    binary-extensions "^2.0.0"

is-core-module@^2.2.0:
  version "2.8.0"
  resolved "https://registry.npmmirror.com/is-core-module/download/is-core-module-2.8.0.tgz?cache=0&sync_timestamp=1634236434261&other_urls=https%3A%2F%2Fregistry.npmmirror.com%2Fis-core-module%2Fdownload%2Fis-core-module-2.8.0.tgz#0321336c3d0925e497fd97f5d95cb114a5ccd548"
  integrity sha1-AyEzbD0JJeSX/Zf12VyxFKXM1Ug=
  dependencies:
    has "^1.0.3"

is-expression@^4.0.0:
  version "4.0.0"
  resolved "https://registry.npm.taobao.org/is-expression/download/is-expression-4.0.0.tgz#c33155962abf21d0afd2552514d67d2ec16fd2ab"
  integrity sha1-wzFVliq/IdCv0lUlFNZ9LsFv0qs=
  dependencies:
    acorn "^7.1.1"
    object-assign "^4.1.1"

is-extglob@^2.1.1:
  version "2.1.1"
  resolved "https://registry.npmmirror.com/is-extglob/download/is-extglob-2.1.1.tgz#a88c02535791f02ed37c76a1b9ea9773c833f8c2"
  integrity sha1-qIwCU1eR8C7TfHahueqXc8gz+MI=

is-glob@^4.0.1, is-glob@~4.0.1:
  version "4.0.3"
  resolved "https://registry.npmmirror.com/is-glob/download/is-glob-4.0.3.tgz?cache=0&sync_timestamp=1632934382080&other_urls=https%3A%2F%2Fregistry.npmmirror.com%2Fis-glob%2Fdownload%2Fis-glob-4.0.3.tgz#64f61e42cbbb2eec2071a9dac0b28ba1e65d5084"
  integrity sha1-ZPYeQsu7LuwgcanawLKLoeZdUIQ=
  dependencies:
    is-extglob "^2.1.1"

is-number@^7.0.0:
  version "7.0.0"
  resolved "https://registry.npmmirror.com/is-number/download/is-number-7.0.0.tgz#7535345b896734d5f80c4d06c50955527a14f12b"
  integrity sha1-dTU0W4lnNNX4DE0GxQlVUnoU8Ss=

is-promise@^2.0.0:
  version "2.2.2"
  resolved "https://registry.nlark.com/is-promise/download/is-promise-2.2.2.tgz#39ab959ccbf9a774cf079f7b40c7a26f763135f1"
  integrity sha1-OauVnMv5p3TPB597QMeib3YxNfE=

is-regex@^1.0.3:
  version "1.1.4"
  resolved "https://registry.nlark.com/is-regex/download/is-regex-1.1.4.tgz?cache=0&sync_timestamp=1628221905423&other_urls=https%3A%2F%2Fregistry.nlark.com%2Fis-regex%2Fdownload%2Fis-regex-1.1.4.tgz#eef5663cd59fa4c0ae339505323df6854bb15958"
  integrity sha1-7vVmPNWfpMCuM5UFMj32hUuxWVg=
  dependencies:
    call-bind "^1.0.2"
    has-tostringtag "^1.0.0"

js-stringify@^1.0.2:
  version "1.0.2"
  resolved "https://registry.npm.taobao.org/js-stringify/download/js-stringify-1.0.2.tgz#1736fddfd9724f28a3682adc6230ae7e4e9679db"
  integrity sha1-Fzb939lyTyijaCrcYjCufk6Weds=

jsonc-parser@^2.3.0:
  version "2.3.1"
  resolved "https://registry.nlark.com/jsonc-parser/download/jsonc-parser-2.3.1.tgz#59549150b133f2efacca48fe9ce1ec0659af2342"
  integrity sha1-WVSRULEz8u+sykj+nOHsBlmvI0I=

jsonc-parser@^3.0.0:
  version "3.0.0"
  resolved "https://registry.nlark.com/jsonc-parser/download/jsonc-parser-3.0.0.tgz#abdd785701c7e7eaca8a9ec8cf070ca51a745a22"
  integrity sha1-q914VwHH5+rKip7IzwcMpRp0WiI=

jstransformer@1.0.0:
  version "1.0.0"
  resolved "https://registry.npm.taobao.org/jstransformer/download/jstransformer-1.0.0.tgz#ed8bf0921e2f3f1ed4d5c1a44f68709ed24722c3"
  integrity sha1-7Yvwkh4vPx7U1cGkT2hwntJHIsM=
  dependencies:
    is-promise "^2.0.0"
    promise "^7.0.1"

magic-string@^0.25.7:
  version "0.25.7"
  resolved "https://registry.npmmirror.com/magic-string/download/magic-string-0.25.7.tgz#3f497d6fd34c669c6798dcb821f2ef31f5445051"
  integrity sha1-P0l9b9NMZpxnmNy4IfLvMfVEUFE=
  dependencies:
    sourcemap-codec "^1.4.4"

nanoid@^3.1.30:
  version "3.1.30"
  resolved "https://registry.npmmirror.com/nanoid/download/nanoid-3.1.30.tgz#63f93cc548d2a113dc5dfbc63bfa09e2b9b64362"
  integrity sha1-Y/k8xUjSoRPcXfvGO/oJ4rm2Q2I=

normalize-path@^3.0.0, normalize-path@~3.0.0:
  version "3.0.0"
  resolved "https://registry.npmmirror.com/normalize-path/download/normalize-path-3.0.0.tgz#0dcd69ff23a1c9b11fd0978316644a0388216a65"
  integrity sha1-Dc1p/yOhybEf0JeDFmRKA4ghamU=

object-assign@^4.1.1:
  version "4.1.1"
  resolved "https://registry.nlark.com/object-assign/download/object-assign-4.1.1.tgz#2109adc7965887cfc05cbbd442cac8bfbb360863"
  integrity sha1-IQmtx5ZYh8/AXLvUQsrIv7s2CGM=

path-parse@^1.0.6:
  version "1.0.7"
  resolved "https://registry.npmmirror.com/path-parse/download/path-parse-1.0.7.tgz?cache=0&sync_timestamp=1632469101267&other_urls=https%3A%2F%2Fregistry.npmmirror.com%2Fpath-parse%2Fdownload%2Fpath-parse-1.0.7.tgz#fbc114b60ca42b30d9daf5858e4bd68bbedb6735"
  integrity sha1-+8EUtgykKzDZ2vWFjkvWi77bZzU=

picocolors@^1.0.0:
  version "1.0.0"
  resolved "https://registry.npmmirror.com/picocolors/download/picocolors-1.0.0.tgz?cache=0&sync_timestamp=1634093437726&other_urls=https%3A%2F%2Fregistry.npmmirror.com%2Fpicocolors%2Fdownload%2Fpicocolors-1.0.0.tgz#cb5bdc74ff3f51892236eaf79d68bc44564ab81c"
  integrity sha1-y1vcdP8/UYkiNur3nWi8RFZKuBw=

picomatch@^2.0.4, picomatch@^2.2.1:
  version "2.3.0"
  resolved "https://registry.npmmirror.com/picomatch/download/picomatch-2.3.0.tgz#f1f061de8f6a4bf022892e2d128234fb98302972"
  integrity sha1-8fBh3o9qS/AiiS4tEoI0+5gwKXI=

postcss@^8.1.10, postcss@^8.3.8:
  version "8.3.11"
  resolved "https://registry.npmmirror.com/postcss/download/postcss-8.3.11.tgz#c3beca7ea811cd5e1c4a3ec6d2e7599ef1f8f858"
  integrity sha1-w77KfqgRzV4cSj7G0udZnvH4+Fg=
  dependencies:
    nanoid "^3.1.30"
    picocolors "^1.0.0"
    source-map-js "^0.6.2"

promise@^7.0.1:
  version "7.3.1"
  resolved "https://registry.nlark.com/promise/download/promise-7.3.1.tgz?cache=0&sync_timestamp=1624607939863&other_urls=https%3A%2F%2Fregistry.nlark.com%2Fpromise%2Fdownload%2Fpromise-7.3.1.tgz#064b72602b18f90f29192b8b1bc418ffd1ebd3bf"
  integrity sha1-BktyYCsY+Q8pGSuLG8QY/9Hr078=
  dependencies:
    asap "~2.0.3"

pug-attrs@^3.0.0:
  version "3.0.0"
  resolved "https://registry.npm.taobao.org/pug-attrs/download/pug-attrs-3.0.0.tgz#b10451e0348165e31fad1cc23ebddd9dc7347c41"
  integrity sha1-sQRR4DSBZeMfrRzCPr3dncc0fEE=
  dependencies:
    constantinople "^4.0.1"
    js-stringify "^1.0.2"
    pug-runtime "^3.0.0"

pug-code-gen@^3.0.2:
  version "3.0.2"
  resolved "https://registry.npm.taobao.org/pug-code-gen/download/pug-code-gen-3.0.2.tgz#ad190f4943133bf186b60b80de483100e132e2ce"
  integrity sha1-rRkPSUMTO/GGtguA3kgxAOEy4s4=
  dependencies:
    constantinople "^4.0.1"
    doctypes "^1.1.0"
    js-stringify "^1.0.2"
    pug-attrs "^3.0.0"
    pug-error "^2.0.0"
    pug-runtime "^3.0.0"
    void-elements "^3.1.0"
    with "^7.0.0"

pug-error@^2.0.0:
  version "2.0.0"
  resolved "https://registry.npm.taobao.org/pug-error/download/pug-error-2.0.0.tgz#5c62173cb09c34de2a2ce04f17b8adfec74d8ca5"
  integrity sha1-XGIXPLCcNN4qLOBPF7it/sdNjKU=

pug-filters@^4.0.0:
  version "4.0.0"
  resolved "https://registry.npm.taobao.org/pug-filters/download/pug-filters-4.0.0.tgz#d3e49af5ba8472e9b7a66d980e707ce9d2cc9b5e"
  integrity sha1-0+Sa9bqEcum3pm2YDnB86dLMm14=
  dependencies:
    constantinople "^4.0.1"
    jstransformer "1.0.0"
    pug-error "^2.0.0"
    pug-walk "^2.0.0"
    resolve "^1.15.1"

pug-lexer@^5.0.1:
  version "5.0.1"
  resolved "https://registry.npm.taobao.org/pug-lexer/download/pug-lexer-5.0.1.tgz#ae44628c5bef9b190b665683b288ca9024b8b0d5"
  integrity sha1-rkRijFvvmxkLZlaDsojKkCS4sNU=
  dependencies:
    character-parser "^2.2.0"
    is-expression "^4.0.0"
    pug-error "^2.0.0"

pug-linker@^4.0.0:
  version "4.0.0"
  resolved "https://registry.nlark.com/pug-linker/download/pug-linker-4.0.0.tgz#12cbc0594fc5a3e06b9fc59e6f93c146962a7708"
  integrity sha1-EsvAWU/Fo+Brn8Web5PBRpYqdwg=
  dependencies:
    pug-error "^2.0.0"
    pug-walk "^2.0.0"

pug-load@^3.0.0:
  version "3.0.0"
  resolved "https://registry.npm.taobao.org/pug-load/download/pug-load-3.0.0.tgz#9fd9cda52202b08adb11d25681fb9f34bd41b662"
  integrity sha1-n9nNpSICsIrbEdJWgfufNL1BtmI=
  dependencies:
    object-assign "^4.1.1"
    pug-walk "^2.0.0"

pug-parser@^6.0.0:
  version "6.0.0"
  resolved "https://registry.npm.taobao.org/pug-parser/download/pug-parser-6.0.0.tgz#a8fdc035863a95b2c1dc5ebf4ecf80b4e76a1260"
  integrity sha1-qP3ANYY6lbLB3F6/Ts+AtOdqEmA=
  dependencies:
    pug-error "^2.0.0"
    token-stream "1.0.0"

pug-runtime@^3.0.0, pug-runtime@^3.0.1:
  version "3.0.1"
  resolved "https://registry.nlark.com/pug-runtime/download/pug-runtime-3.0.1.tgz#f636976204723f35a8c5f6fad6acda2a191b83d7"
  integrity sha1-9jaXYgRyPzWoxfb61qzaKhkbg9c=

pug-strip-comments@^2.0.0:
  version "2.0.0"
  resolved "https://registry.nlark.com/pug-strip-comments/download/pug-strip-comments-2.0.0.tgz#f94b07fd6b495523330f490a7f554b4ff876303e"
  integrity sha1-+UsH/WtJVSMzD0kKf1VLT/h2MD4=
  dependencies:
    pug-error "^2.0.0"

pug-walk@^2.0.0:
  version "2.0.0"
  resolved "https://registry.npm.taobao.org/pug-walk/download/pug-walk-2.0.0.tgz#417aabc29232bb4499b5b5069a2b2d2a24d5f5fe"
  integrity sha1-QXqrwpIyu0SZtbUGmistKiTV9f4=

pug@^3.0.2:
  version "3.0.2"
  resolved "https://registry.npm.taobao.org/pug/download/pug-3.0.2.tgz#f35c7107343454e43bc27ae0ff76c731b78ea535"
  integrity sha1-81xxBzQ0VOQ7wnrg/3bHMbeOpTU=
  dependencies:
    pug-code-gen "^3.0.2"
    pug-filters "^4.0.0"
    pug-lexer "^5.0.1"
    pug-linker "^4.0.0"
    pug-load "^3.0.0"
    pug-parser "^6.0.0"
    pug-runtime "^3.0.1"
    pug-strip-comments "^2.0.0"

readdirp@~3.6.0:
  version "3.6.0"
  resolved "https://registry.npmmirror.com/readdirp/download/readdirp-3.6.0.tgz#74a370bd857116e245b29cc97340cd431a02a6c7"
  integrity sha1-dKNwvYVxFuJFspzJc0DNQxoCpsc=
  dependencies:
    picomatch "^2.2.1"

request-light@^0.5.4:
  version "0.5.4"
  resolved "https://registry.nlark.com/request-light/download/request-light-0.5.4.tgz#497a98c6d8ae49536417a5e2d7f383b934f3e38c"
  integrity sha1-SXqYxtiuSVNkF6Xi1/ODuTTz44w=

resolve@^1.15.1, resolve@^1.20.0:
  version "1.20.0"
  resolved "https://registry.nlark.com/resolve/download/resolve-1.20.0.tgz#629a013fb3f70755d6f0b7935cc1c2c5378b1975"
  integrity sha1-YpoBP7P3B1XW8LeTXMHCxTeLGXU=
  dependencies:
    is-core-module "^2.2.0"
    path-parse "^1.0.6"

rollup@^2.57.0:
  version "2.59.0"
  resolved "https://registry.npmmirror.com/rollup/download/rollup-2.59.0.tgz#108c61b0fa0a37ebc8d1f164f281622056f0db59"
  integrity sha1-EIxhsPoKN+vI0fFk8oFiIFbw21k=
  optionalDependencies:
    fsevents "~2.3.2"

sass@^1.38.2:
  version "1.43.4"
  resolved "https://registry.npmmirror.com/sass/download/sass-1.43.4.tgz?cache=0&sync_timestamp=1635300308519&other_urls=https%3A%2F%2Fregistry.npmmirror.com%2Fsass%2Fdownload%2Fsass-1.43.4.tgz#68c7d6a1b004bef49af0d9caf750e9b252105d1f"
  integrity sha1-aMfWobAEvvSa8NnK91DpslIQXR8=
  dependencies:
    chokidar ">=3.0.0 <4.0.0"

source-map-js@^0.6.2:
  version "0.6.2"
  resolved "https://registry.npmmirror.com/source-map-js/download/source-map-js-0.6.2.tgz?cache=0&sync_timestamp=1636402309628&other_urls=https%3A%2F%2Fregistry.npmmirror.com%2Fsource-map-js%2Fdownload%2Fsource-map-js-0.6.2.tgz#0bb5de631b41cfbda6cfba8bd05a80efdfd2385e"
  integrity sha1-C7XeYxtBz72mz7qL0FqA79/SOF4=

source-map@^0.6.1:
  version "0.6.1"
  resolved "https://registry.npmmirror.com/source-map/download/source-map-0.6.1.tgz#74722af32e9614e9c287a8d0bbde48b5e2f1a263"
  integrity sha1-dHIq8y6WFOnCh6jQu95IteLxomM=

sourcemap-codec@^1.4.4:
  version "1.4.8"
  resolved "https://registry.npmmirror.com/sourcemap-codec/download/sourcemap-codec-1.4.8.tgz#ea804bd94857402e6992d05a38ef1ae35a9ab4c4"
  integrity sha1-6oBL2UhXQC5pktBaOO8a41qatMQ=

three@^0.132.2:
  version "0.132.2"
  resolved "https://registry.nlark.com/three/download/three-0.132.2.tgz#95eb1856147237c03e887cbbe56f964b6fb40b5e"
  integrity sha1-lesYVhRyN8A+iHy75W+WS2+0C14=

to-fast-properties@^2.0.0:
  version "2.0.0"
  resolved "https://registry.nlark.com/to-fast-properties/download/to-fast-properties-2.0.0.tgz#dc5e698cbd079265bc73e0377681a4e4e83f616e"
  integrity sha1-3F5pjL0HkmW8c+A3doGk5Og/YW4=

to-regex-range@^5.0.1:
  version "5.0.1"
  resolved "https://registry.npmmirror.com/to-regex-range/download/to-regex-range-5.0.1.tgz#1648c44aae7c8d988a326018ed72f5b4dd0392e4"
  integrity sha1-FkjESq58jZiKMmAY7XL1tN0DkuQ=
  dependencies:
    is-number "^7.0.0"

token-stream@1.0.0:
  version "1.0.0"
  resolved "https://registry.npm.taobao.org/token-stream/download/token-stream-1.0.0.tgz#cc200eab2613f4166d27ff9afc7ca56d49df6eb4"
  integrity sha1-zCAOqyYT9BZtJ/+a/HylbUnfbrQ=

typescript@^4.3.2:
  version "4.5.2"
  resolved "https://registry.npmmirror.com/typescript/download/typescript-4.5.2.tgz?cache=0&sync_timestamp=1637479133412&other_urls=https%3A%2F%2Fregistry.npmmirror.com%2Ftypescript%2Fdownload%2Ftypescript-4.5.2.tgz#8ac1fba9f52256fdb06fb89e4122fa6a346c2998"
  integrity sha512-5BlMof9H1yGt0P8/WF+wPNw6GfctgGjXp5hkblpyT+8rkASSmkUKMXrxR0Xg8ThVCi/JnHQiKXeBaEwCeQwMFw==

upath@^2.0.1:
  version "2.0.1"
  resolved "https://registry.npm.taobao.org/upath/download/upath-2.0.1.tgz#50c73dea68d6f6b990f51d279ce6081665d61a8b"
  integrity sha1-UMc96mjW9rmQ9R0nnOYIFmXWGos=

vite@^2.5.1:
  version "2.6.14"
  resolved "https://registry.npmmirror.com/vite/download/vite-2.6.14.tgz#35c09a15e4df823410819a2a239ab11efb186271"
  integrity sha1-NcCaFeTfgjQQgZoqI5qxHvsYYnE=
  dependencies:
    esbuild "^0.13.2"
    postcss "^8.3.8"
    resolve "^1.20.0"
    rollup "^2.57.0"
  optionalDependencies:
    fsevents "~2.3.2"

void-elements@^3.1.0:
  version "3.1.0"
  resolved "https://registry.nlark.com/void-elements/download/void-elements-3.1.0.tgz#614f7fbf8d801f0bb5f0661f5b2f5785750e4f09"
  integrity sha1-YU9/v42AHwu18GYfWy9XhXUOTwk=

vscode-css-languageservice@^5.1.4:
  version "5.1.4"
  resolved "https://registry.nlark.com/vscode-css-languageservice/download/vscode-css-languageservice-5.1.4.tgz#07e4c63f1c3bb06e6f3f329c32b490d20a601bab"
  integrity sha1-B+TGPxw7sG5vPzKcMrSQ0gpgG6s=
  dependencies:
    vscode-languageserver-textdocument "^1.0.1"
    vscode-languageserver-types "^3.16.0"
    vscode-nls "^5.0.0"
    vscode-uri "^3.0.2"

vscode-html-languageservice@^4.0.7:
  version "4.0.7"
  resolved "https://registry.nlark.com/vscode-html-languageservice/download/vscode-html-languageservice-4.0.7.tgz#94f2ed22c821965f828222d13b5aa541b358d992"
  integrity sha1-lPLtIsghll+CgiLRO1qlQbNY2ZI=
  dependencies:
    vscode-languageserver-textdocument "^1.0.1"
    vscode-languageserver-types "^3.16.0"
    vscode-nls "^5.0.0"
    vscode-uri "^3.0.2"

vscode-json-languageservice@^4.1.7:
  version "4.1.7"
  resolved "https://registry.nlark.com/vscode-json-languageservice/download/vscode-json-languageservice-4.1.7.tgz#18244d62b115a5818c7526ef4339438b7175dfaa"
  integrity sha1-GCRNYrEVpYGMdSbvQzlDi3F136o=
  dependencies:
    jsonc-parser "^3.0.0"
    vscode-languageserver-textdocument "^1.0.1"
    vscode-languageserver-types "^3.16.0"
    vscode-nls "^5.0.0"
    vscode-uri "^3.0.2"

vscode-jsonrpc@8.0.0-next.2, vscode-jsonrpc@^8.0.0-next.2:
  version "8.0.0-next.2"
  resolved "https://registry.nlark.com/vscode-jsonrpc/download/vscode-jsonrpc-8.0.0-next.2.tgz?cache=0&sync_timestamp=1628514969429&other_urls=https%3A%2F%2Fregistry.nlark.com%2Fvscode-jsonrpc%2Fdownload%2Fvscode-jsonrpc-8.0.0-next.2.tgz#285fc294be586e4768acd67e5a42efc738a5cac0"
  integrity sha1-KF/ClL5YbkdorNZ+WkLvxzilysA=

vscode-languageserver-protocol@3.17.0-next.8:
  version "3.17.0-next.8"
  resolved "https://registry.nlark.com/vscode-languageserver-protocol/download/vscode-languageserver-protocol-3.17.0-next.8.tgz?cache=0&sync_timestamp=1628517965065&other_urls=https%3A%2F%2Fregistry.nlark.com%2Fvscode-languageserver-protocol%2Fdownload%2Fvscode-languageserver-protocol-3.17.0-next.8.tgz#ef2eb7423b474cccd11384239de24488e7fe818c"
  integrity sha1-7y63QjtHTMzRE4QjneJEiOf+gYw=
  dependencies:
    vscode-jsonrpc "8.0.0-next.2"
    vscode-languageserver-types "3.17.0-next.3"

vscode-languageserver-textdocument@^1.0.1:
  version "1.0.1"
  resolved "https://registry.nlark.com/vscode-languageserver-textdocument/download/vscode-languageserver-textdocument-1.0.1.tgz#178168e87efad6171b372add1dea34f53e5d330f"
  integrity sha1-F4Fo6H761hcbNyrdHeo09T5dMw8=

vscode-languageserver-types@3.17.0-next.3:
  version "3.17.0-next.3"
  resolved "https://registry.nlark.com/vscode-languageserver-types/download/vscode-languageserver-types-3.17.0-next.3.tgz#e1f4311e08ea3193e81126154b6a342fc1c3dba3"
  integrity sha1-4fQxHgjqMZPoESYVS2o0L8HD26M=

vscode-languageserver-types@^3.15.1, vscode-languageserver-types@^3.16.0:
  version "3.16.0"
  resolved "https://registry.nlark.com/vscode-languageserver-types/download/vscode-languageserver-types-3.16.0.tgz#ecf393fc121ec6974b2da3efb3155644c514e247"
  integrity sha1-7POT/BIexpdLLaPvsxVWRMUU4kc=

vscode-languageserver@^8.0.0-next.2:
  version "8.0.0-next.2"
  resolved "https://registry.nlark.com/vscode-languageserver/download/vscode-languageserver-8.0.0-next.2.tgz?cache=0&other_urls=https%3A%2F%2Fregistry.nlark.com%2Fvscode-languageserver%2Fdownload%2Fvscode-languageserver-8.0.0-next.2.tgz#3a3daf79ff10350ea9cec5c73b5302901a955117"
  integrity sha1-Oj2vef8QNQ6pzsXHO1MCkBqVURc=
  dependencies:
    vscode-languageserver-protocol "3.17.0-next.8"

vscode-nls@^5.0.0:
  version "5.0.0"
  resolved "https://registry.npm.taobao.org/vscode-nls/download/vscode-nls-5.0.0.tgz#99f0da0bd9ea7cda44e565a74c54b1f2bc257840"
  integrity sha1-mfDaC9nqfNpE5WWnTFSx8rwleEA=

vscode-pug-languageservice@^0.27.11:
  version "0.27.11"
  resolved "https://registry.nlark.com/vscode-pug-languageservice/download/vscode-pug-languageservice-0.27.11.tgz#a065789f8a53c65082a4abab036fa0d95ea7bb9c"
  integrity sha1-oGV4n4pTxlCCpKurA2+g2V6nu5w=
  dependencies:
    "@volar/code-gen" "^0.27.11"
    "@volar/shared" "^0.27.11"
    "@volar/source-map" "^0.27.11"
    "@volar/transforms" "^0.27.11"
    pug-lexer "^5.0.1"
    pug-parser "^6.0.0"
    vscode-languageserver "^8.0.0-next.2"

vscode-typescript-languageservice@^0.27.11:
  version "0.27.11"
  resolved "https://registry.nlark.com/vscode-typescript-languageservice/download/vscode-typescript-languageservice-0.27.11.tgz#80292bcfc5a9a73c0d3c8d1c436a2d6720b39b20"
  integrity sha1-gCkrz8WppzwNPI0cQ2otZyCzmyA=
  dependencies:
    "@volar/shared" "^0.27.11"
    upath "^2.0.1"
    vscode-languageserver "^8.0.0-next.2"
    vscode-languageserver-textdocument "^1.0.1"

vscode-uri@^2.1.2:
  version "2.1.2"
  resolved "https://registry.npm.taobao.org/vscode-uri/download/vscode-uri-2.1.2.tgz#c8d40de93eb57af31f3c715dd650e2ca2c096f1c"
  integrity sha1-yNQN6T61evMfPHFd1lDiyiwJbxw=

vscode-uri@^3.0.2:
  version "3.0.2"
  resolved "https://registry.npm.taobao.org/vscode-uri/download/vscode-uri-3.0.2.tgz#ecfd1d066cb8ef4c3a208decdbab9a8c23d055d0"
  integrity sha1-7P0dBmy470w6II3s26uajCPQVdA=

vscode-vue-languageservice@^0.27.0:
  version "0.27.11"
  resolved "https://registry.nlark.com/vscode-vue-languageservice/download/vscode-vue-languageservice-0.27.11.tgz?cache=0&sync_timestamp=1630578652830&other_urls=https%3A%2F%2Fregistry.nlark.com%2Fvscode-vue-languageservice%2Fdownload%2Fvscode-vue-languageservice-0.27.11.tgz#b0b564546e8ae216e6a5c0514e8bf276c159688c"
  integrity sha1-sLVkVG6K4hbmpcBRTovydsFZaIw=
  dependencies:
    "@volar/code-gen" "^0.27.11"
    "@volar/html2pug" "^0.27.11"
    "@volar/shared" "^0.27.11"
    "@volar/source-map" "^0.27.11"
    "@volar/transforms" "^0.27.11"
    "@vscode/emmet-helper" "^2.7.0"
    "@vue/compiler-dom" "^3.2.6"
    "@vue/reactivity" "^3.2.6"
    "@vue/shared" "^3.2.6"
    request-light "^0.5.4"
    upath "^2.0.1"
    vscode-css-languageservice "^5.1.4"
    vscode-html-languageservice "^4.0.7"
    vscode-json-languageservice "^4.1.7"
    vscode-languageserver "^8.0.0-next.2"
    vscode-languageserver-textdocument "^1.0.1"
    vscode-pug-languageservice "^0.27.11"
    vscode-typescript-languageservice "^0.27.11"

vue-router@^4.0.11:
  version "4.0.12"
  resolved "https://registry.npmmirror.com/vue-router/download/vue-router-4.0.12.tgz?cache=0&sync_timestamp=1635262041312&other_urls=https%3A%2F%2Fregistry.npmmirror.com%2Fvue-router%2Fdownload%2Fvue-router-4.0.12.tgz#8dc792cddf5bb1abcc3908f9064136de7e13c460"
  integrity sha1-jceSzd9bsavMOQj5BkE23n4TxGA=
  dependencies:
    "@vue/devtools-api" "^6.0.0-beta.18"

vue-tsc@^0.3.0:
  version "0.3.0"
  resolved "https://registry.nlark.com/vue-tsc/download/vue-tsc-0.3.0.tgz#3b3872bf4f1d2e4409b57adbd826032e253db406"
  integrity sha1-Ozhyv08dLkQJtXrb2CYDLiU9tAY=
  dependencies:
    vscode-vue-languageservice "^0.27.0"

vue@^3.2.6:
  version "3.2.22"
  resolved "https://registry.npmmirror.com/vue/download/vue-3.2.22.tgz#46e4dd89e98cc4b851ae1eb35f00ced413a34bb7"
  integrity sha512-KD5nZpXVZquOC6926Xnp3zOvswrUyO9Rya7ZUoxWFQEjFDW4iACtwzubRB4Um2Om9kj6CaJOqAVRDSFlqLpdgw==
  dependencies:
    "@vue/compiler-dom" "3.2.22"
    "@vue/compiler-sfc" "3.2.22"
    "@vue/runtime-dom" "3.2.22"
    "@vue/server-renderer" "3.2.22"
    "@vue/shared" "3.2.22"

with@^7.0.0:
  version "7.0.2"
  resolved "https://registry.npm.taobao.org/with/download/with-7.0.2.tgz#ccee3ad542d25538a7a7a80aad212b9828495bac"
  integrity sha1-zO461ULSVTinp6gKrSErmChJW6w=
  dependencies:
    "@babel/parser" "^7.9.6"
    "@babel/types" "^7.9.6"
    assert-never "^1.2.1"
    babel-walk "3.0.0-canary-5"
